
Microsoft Visual Studio Solution File, Format Version 11.00
# Visual Studio 2010
Project("{FAE04EC0-301F-11D3-BF4B-00C04F79EFBC}") = "EfficientlyLazy.IdentityGenerator", "EfficientlyLazy.IdentityGenerator\EfficientlyLazy.IdentityGenerator.csproj", "{982569FF-E6C6-4F2D-911B-393393A60FF8}"
EndProject
Project("{FAE04EC0-301F-11D3-BF4B-00C04F79EFBC}") = "EfficientlyLazy.IdentityGenerator.UI", "EfficientlyLazy.IdentityGenerator.UI\EfficientlyLazy.IdentityGenerator.UI.csproj", "{2985B6DF-64E4-469A-99CB-F1F98F7ADABF}"
EndProject
Project("{2150E333-8FDC-42A3-9474-1A3956D46DE8}") = "Shared", "Shared", "{E1B9882E-7334-422A-9E6C-0C6B73571A4B}"
	ProjectSection(SolutionItems) = preProject
		SharedAssemblyInfo.cs = SharedAssemblyInfo.cs
	EndProjectSection
EndProject
Project("{FAE04EC0-301F-11D3-BF4B-00C04F79EFBC}") = "QuickTextFileCompressor", "QuickTextFileCompressor\QuickTextFileCompressor.csproj", "{B78DEE53-0691-4AE4-9513-1B3BBB8E2A39}"
EndProject
Global
	GlobalSection(SolutionConfigurationPlatforms) = preSolution
		Debug|Any CPU = Debug|Any CPU
		Release|Any CPU = Release|Any CPU
	EndGlobalSection
	GlobalSection(ProjectConfigurationPlatforms) = postSolution
		{982569FF-E6C6-4F2D-911B-393393A60FF8}.Debug|Any CPU.ActiveCfg = Debug|Any CPU
		{982569FF-E6C6-4F2D-911B-393393A60FF8}.Debug|Any CPU.Build.0 = Debug|Any CPU
		{982569FF-E6C6-4F2D-911B-393393A60FF8}.Release|Any CPU.ActiveCfg = Release|Any CPU
		{982569FF-E6C6-4F2D-911B-393393A60FF8}.Release|Any CPU.Build.0 = Release|Any CPU
		{2985B6DF-64E4-469A-99CB-F1F98F7ADABF}.Debug|Any CPU.ActiveCfg = Debug|Any CPU
		{2985B6DF-64E4-469A-99CB-F1F98F7ADABF}.Debug|Any CPU.Build.0 = Debug|Any CPU
		{2985B6DF-64E4-469A-99CB-F1F98F7ADABF}.Release|Any CPU.ActiveCfg = Release|Any CPU
		{2985B6DF-64E4-469A-99CB-F1F98F7ADABF}.Release|Any CPU.Build.0 = Release|Any CPU
		{B78DEE53-0691-4AE4-9513-1B3BBB8E2A39}.Debug|Any CPU.ActiveCfg = Debug|Any CPU
		{B78DEE53-0691-4AE4-9513-1B3BBB8E2A39}.Debug|Any CPU.Build.0 = Debug|Any CPU
		{B78DEE53-0691-4AE4-9513-1B3BBB8E2A39}.Release|Any CPU.ActiveCfg = Release|Any CPU
	EndGlobalSection
	GlobalSection(SolutionProperties) = preSolution
		HideSolutionNode = FALSE
	EndGlobalSection
EndGlobal
